<?xml version="1.0" encoding="utf-8"?>
<Project ToolsVersion="4.0" xmlns="http://schemas.microsoft.com/developer/msbuild/2003">
  <ItemGroup>
    <ClInclude Include="AgoraRtcTokenController.h"><Filter>源文件\Control</Filter></ClInclude>
    <ClInclude Include="AgoraRtcTokenService.h"><Filter>源文件\Service</Filter></ClInclude>
    <Filter Include="源文件">
      <UniqueIdentifier>{4FC737F1-C7A5-4376-A066-2A32D752A2FF}</UniqueIdentifier>
      <Extensions>cpp;c;cc;cxx;c++;cppm;ixx;def;odl;idl;hpj;bat;asm;asmx</Extensions>
    </Filter>
    <Filter Include="资源文件">
      <UniqueIdentifier>{67DA6AB6-F800-4c08-8B7A-83BB121AAD01}</UniqueIdentifier>
      <Extensions>rc;ico;cur;bmp;dlg;rc2;rct;bin;rgs;gif;jpg;jpeg;jpe;resx;tiff;tif;png;wav;mfcribbon-ms</Extensions>
    </Filter>
    <Filter Include="源文件\Model">
      <UniqueIdentifier>{a2a963c1-9e09-4a8d-a740-6f22994211ec}</UniqueIdentifier>
    </Filter>
    <Filter Include="源文件\Control">
      <UniqueIdentifier>{7ba88cb5-8526-41e2-b2b3-0c29a93358bb}</UniqueIdentifier>
    </Filter>
    <Filter Include="源文件\main">
      <UniqueIdentifier>{b7efbe8c-ebb5-40b0-945c-4fa8fcf92ded}</UniqueIdentifier>
    </Filter>
    <Filter Include="源文件\Mapper">
      <UniqueIdentifier>{83e68ae0-d02b-471a-a574-130d3704056b}</UniqueIdentifier>
    </Filter>
    <Filter Include="源文件\Service">
      <UniqueIdentifier>{b83599fc-f73f-4b3c-bc52-59359d955537}</UniqueIdentifier>
    </Filter>
    <Filter Include="源文件\Tool">
      <UniqueIdentifier>{589df1b2-9f5d-4eb3-9bf7-e7b70b4e0c24}</UniqueIdentifier>
    </Filter>
    <Filter Include="源文件\Control\服务代理">
      <UniqueIdentifier>{370d2957-39a0-4029-9f28-9524befe7f97}</UniqueIdentifier>
    </Filter>
  </ItemGroup>
  <ItemGroup>
    <ClCompile Include="AgoraRtcTokenController.cpp"><Filter>源文件\Control</Filter></ClCompile>
    <ClCompile Include="AgoraRtcTokenService.cpp"><Filter>源文件\Service</Filter></ClCompile>
    <ClInclude Include="UserModel.h">
      <Filter>源文件\Model</Filter>
    </ClInclude>
    <ClInclude Include="LoginDao.h">
      <Filter>源文件\Mapper</Filter>
    </ClInclude>
    <ClInclude Include="FriendRelationModel.h">
      <Filter>源文件\Model</Filter>
    </ClInclude>
    <ClInclude Include="UserBlockModel.h"><Filter>源文件\Model</Filter></ClInclude>
    <ClInclude Include="UserBlockDao.h"><Filter>源文件\Mapper</Filter></ClInclude>
    <ClInclude Include="UserBlockService.h"><Filter>源文件\Service</Filter></ClInclude>
    <ClInclude Include="UserBlockController.h"><Filter>源文件\Control</Filter></ClInclude>
    <ClInclude Include="ChatRecoedModel.h">
      <Filter>源文件\Model</Filter>
    </ClInclude>
    <ClInclude Include="LoginModel.h">
      <Filter>源文件\Model</Filter>
    </ClInclude>
    <ClInclude Include="MerchantReviewCommentModel.h"><Filter>源文件\Model</Filter></ClInclude>
    <ClInclude Include="MerchantReviewController.h"><Filter>源文件\Control</Filter></ClInclude>
    <ClInclude Include="MerchantReviewDao.h"><Filter>源文件\Mapper</Filter></ClInclude>
    <ClInclude Include="MerchantReviewEntryModel.h"><Filter>源文件\Model</Filter></ClInclude>
    <ClInclude Include="MerchantReviewReactionModel.h"><Filter>源文件\Model</Filter></ClInclude>
    <ClInclude Include="MerchantReviewService.h"><Filter>源文件\Service</Filter></ClInclude>
    <ClInclude Include="SpaceGuestbookMessageModel.h"><Filter>源文件\Model</Filter></ClInclude>
    <ClInclude Include="UserSpaceController.h"><Filter>源文件\Control</Filter></ClInclude>
    <ClInclude Include="UserSpaceDao.h"><Filter>源文件\Mapper</Filter></ClInclude>
    <ClInclude Include="UserSpaceModel.h"><Filter>源文件\Model</Filter></ClInclude>
    <ClInclude Include="UserSpaceService.h"><Filter>源文件\Service</Filter></ClInclude>
    <ClInclude Include="MomentController.h" />
    <ClInclude Include="MomentCommentModel.h">
      <Filter>源文件\Model</Filter>
    </ClInclude>
    <ClInclude Include="MomentDao.h" />
    <ClInclude Include="MomentLikeModel.h">
      <Filter>源文件\Model</Filter>
    </ClInclude>
    <ClInclude Include="MomentMediaModel.h">
      <Filter>源文件\Model</Filter>
    </ClInclude>
    <ClInclude Include="MomentModel.h">
      <Filter>源文件\Model</Filter>
    </ClInclude>
    <ClInclude Include="MomentService.h" />
    <ClInclude Include="UserLoginService.h">
      <Filter>源文件\Service</Filter>
    </ClInclude>
    <ClInclude Include="Logger.h">
      <Filter>源文件\Tool</Filter>
    </ClInclude>
    <ClInclude Include="DatabaseConnectionPool.h">
      <Filter>源文件\Tool</Filter>
    </ClInclude>
    <ClInclude Include="EncryptUtil.h">
      <Filter>源文件\Tool</Filter>
    </ClInclude>
    <ClInclude Include="JwtTokenUtil.h">
      <Filter>源文件\Tool</Filter>
    </ClInclude>
    <ClInclude Include="ProxyController.h">
      <Filter>源文件\Control\服务代理</Filter>
    </ClInclude>
    <ClInclude Include="UserController.h">
      <Filter>源文件\Control</Filter>
    </ClInclude>
    <ClInclude Include="UserInfoDao.h">
      <Filter>源文件\Mapper</Filter>
    </ClInclude>
    <ClInclude Include="FriendRelationDao.h">
      <Filter>源文件\Mapper</Filter>
    </ClInclude>
    <ClInclude Include="FriendRelationService.h">
      <Filter>源文件\Service</Filter>
    </ClInclude>
    <ClInclude Include="UserInfoService.h">
      <Filter>源文件\Service</Filter>
    </ClInclude>
    <ClInclude Include="ImageControl.h">
      <Filter>源文件\Control</Filter>
    </ClInclude>
    <ClInclude Include="RangeUtils.h">
      <Filter>源文件\Tool</Filter>
    </ClInclude>
    <ClInclude Include="FilesController.h">
      <Filter>源文件\Control</Filter>
    </ClInclude>
    <ClInclude Include="FileService.h">
      <Filter>源文件\Service</Filter>
    </ClInclude>
    <ClInclude Include="FriendController.h">
      <Filter>源文件\Control</Filter>
    </ClInclude>
    <ClInclude Include="ConversationModel.h">
      <Filter>源文件\Model</Filter>
    </ClInclude>
    <ClInclude Include="PrivateChatHistoryVisibilityModel.h">
      <Filter>源文件\Model</Filter>
    </ClInclude>
    <ClInclude Include="ChatControl.h">
      <Filter>源文件\Control</Filter>
    </ClInclude>
    <ClInclude Include="ChatService.h">
      <Filter>源文件\Service</Filter>
    </ClInclude>
    <ClInclude Include="ChatDao.h">
      <Filter>源文件\Mapper</Filter>
    </ClInclude>
    <ClInclude Include="ChatManageController.h">
      <Filter>源文件\Control</Filter>
    </ClInclude>
    <ClInclude Include="HeartbeatManager.h">
      <Filter>源文件\Tool</Filter>
    </ClInclude>
    <ClInclude Include="GroupChatModel.h">
      <Filter>源文件\Model</Filter>
    </ClInclude>
    <ClInclude Include="GroupMemberModel.h">
      <Filter>源文件\Model</Filter>
    </ClInclude>
    <ClInclude Include="GroupMessageModel.h">
      <Filter>源文件\Model</Filter>
    </ClInclude>
    <ClInclude Include="GroupMsgReadModel.h">
      <Filter>源文件\Model</Filter>
    </ClInclude>
    <ClInclude Include="GroupChatDao.h">
      <Filter>源文件\Mapper</Filter>
    </ClInclude>
    <ClInclude Include="GroupMemberDao.h">
      <Filter>源文件\Mapper</Filter>
    </ClInclude>
    <ClInclude Include="GroupMessageDao.h">
      <Filter>源文件\Mapper</Filter>
    </ClInclude>
    <ClInclude Include="GroupMsgReadDao.h">
      <Filter>源文件\Mapper</Filter>
    </ClInclude>
    <ClInclude Include="GroupController.h">
      <Filter>源文件\Control</Filter>
    </ClInclude>
    <ClInclude Include="GroupService.h">
      <Filter>源文件\Service</Filter>
    </ClInclude>
    <ClInclude Include="GroupConversationModel.h">
      <Filter>源文件\Model</Filter>
    </ClInclude>
    <ClInclude Include="GroupConversationDao.h">
      <Filter>源文件\Mapper</Filter>
    </ClInclude>
    <ClInclude Include="GroupResourceController.h"><Filter>源文件\Control</Filter></ClInclude>
    <ClInclude Include="GroupResourceDao.h"><Filter>源文件\Mapper</Filter></ClInclude>
    <ClInclude Include="GroupResourceModel.h"><Filter>源文件\Model</Filter></ClInclude>
    <ClInclude Include="UserLocationController.h"><Filter>源文件\Control</Filter></ClInclude>
    <ClInclude Include="UserLocationDao.h"><Filter>源文件\Mapper</Filter></ClInclude>
    <ClInclude Include="UserLocationModel.h"><Filter>源文件\Model</Filter></ClInclude>
    <ClInclude Include="CrashHandler.h">
      <Filter>源文件\Tool</Filter>
    </ClInclude>
    <ClInclude Include="TencentAsrService.h"><Filter>源文件\Service</Filter></ClInclude>
    <ClInclude Include="PushDeviceController.h"><Filter>头文件</Filter></ClInclude>
    <ClInclude Include="PushDeviceRegistrationDao.h"><Filter>头文件</Filter></ClInclude>
    <ClInclude Include="PushDeviceRegistrationModel.h"><Filter>头文件</Filter></ClInclude>
    <ClInclude Include="JPushService.h"><Filter>源文件\Service</Filter></ClInclude>
    <ClInclude Include="VoiceTranscriptionController.h"><Filter>源文件\Control</Filter></ClInclude>
    <ClInclude Include="VoiceTranscriptionDao.h"><Filter>源文件\Mapper</Filter></ClInclude>
    <ClInclude Include="VoiceTranscriptionModel.h"><Filter>源文件\Model</Filter></ClInclude>
  </ItemGroup>
  <ItemGroup>
    <ClCompile Include="LoginDao.cpp">
      <Filter>源文件\Mapper</Filter>
    </ClCompile>
    <ClCompile Include="UserModel.cpp">
      <Filter>源文件\Model</Filter>
    </ClCompile>
    <ClCompile Include="FriendRelationModel.cpp">
      <Filter>源文件\Model</Filter>
    </ClCompile>
    <ClCompile Include="UserBlockModel.cpp"><Filter>源文件\Model</Filter></ClCompile>
    <ClCompile Include="UserBlockDao.cpp"><Filter>源文件\Mapper</Filter></ClCompile>
    <ClCompile Include="UserBlockService.cpp"><Filter>源文件\Service</Filter></ClCompile>
    <ClCompile Include="ChatServer.cpp">
      <Filter>源文件\main</Filter>
    </ClCompile>
    <ClCompile Include="ChatRecoedModel.cpp">
      <Filter>源文件\Model</Filter>
    </ClCompile>
    <ClCompile Include="LoginModel.cpp">
      <Filter>源文件\Model</Filter>
    </ClCompile>
    <ClCompile Include="MomentDao.cpp" />
    <ClCompile Include="MomentService.cpp" />
    <ClCompile Include="MerchantReviewDao.cpp"><Filter>源文件\Mapper</Filter></ClCompile>
    <ClCompile Include="MerchantReviewService.cpp"><Filter>源文件\Service</Filter></ClCompile>
    <ClCompile Include="UserSpaceDao.cpp"><Filter>源文件\Mapper</Filter></ClCompile>
    <ClCompile Include="UserSpaceService.cpp"><Filter>源文件\Service</Filter></ClCompile>
    <ClCompile Include="GroupResourceController.cpp"><Filter>源文件\Control</Filter></ClCompile>
    <ClCompile Include="GroupResourceDao.cpp"><Filter>源文件\Mapper</Filter></ClCompile>
    <ClCompile Include="UserLocationController.cpp"><Filter>源文件\Control</Filter></ClCompile>
    <ClCompile Include="UserLocationDao.cpp"><Filter>源文件\Mapper</Filter></ClCompile>
    <ClCompile Include="UserLoginService.cpp">
      <Filter>源文件\Service</Filter>
    </ClCompile>
    <ClCompile Include="EncryptUtil.cpp">
      <Filter>源文件\Tool</Filter>
    </ClCompile>
    <ClCompile Include="JwtTokenUtil.cpp">
      <Filter>源文件\Tool</Filter>
    </ClCompile>
    <ClCompile Include="ProxyController.cpp">
      <Filter>源文件\Control\服务代理</Filter>
    </ClCompile>
    <ClCompile Include="UserInfoDao.cpp">
      <Filter>源文件\Mapper</Filter>
    </ClCompile>
    <ClCompile Include="FriendRelationDao.cpp">
      <Filter>源文件\Mapper</Filter>
    </ClCompile>
    <ClCompile Include="FriendRelationService.cpp">
      <Filter>源文件\Service</Filter>
    </ClCompile>
    <ClCompile Include="UserInfoService.cpp">
      <Filter>源文件\Service</Filter>
    </ClCompile>
    <ClCompile Include="RangeUtils.cpp">
      <Filter>源文件\Tool</Filter>
    </ClCompile>
    <ClCompile Include="FilesController.cpp">
      <Filter>源文件\Control</Filter>
    </ClCompile>
    <ClCompile Include="FileService.cpp">
      <Filter>源文件\Service</Filter>
    </ClCompile>
    <ClCompile Include="ChatService.cpp">
      <Filter>源文件\Service</Filter>
    </ClCompile>
    <ClCompile Include="ChatDao.cpp">
      <Filter>源文件\Mapper</Filter>
    </ClCompile>
    <ClCompile Include="HeartbeatManager.cpp">
      <Filter>源文件\Tool</Filter>
    </ClCompile>
    <ClCompile Include="Logger.cpp">
      <Filter>源文件\Tool</Filter>
    </ClCompile>
    <ClCompile Include="CrashHandler.cpp">
      <Filter>源文件\Tool</Filter>
    </ClCompile>
    <ClCompile Include="DatabaseConnectionPool.cpp">
      <Filter>源文件\Tool</Filter>
    </ClCompile>
    <ClCompile Include="ChatManageController.cpp">
      <Filter>源文件\Control</Filter>
    </ClCompile>
    <ClCompile Include="GroupChatDao.cpp">
      <Filter>源文件\Mapper</Filter>
    </ClCompile>
    <ClCompile Include="GroupMemberDao.cpp">
      <Filter>源文件\Mapper</Filter>
    </ClCompile>
    <ClCompile Include="GroupMessageDao.cpp">
      <Filter>源文件\Mapper</Filter>
    </ClCompile>
    <ClCompile Include="GroupMsgReadDao.cpp">
      <Filter>源文件\Mapper</Filter>
    </ClCompile>
    <ClCompile Include="GroupService.cpp">
      <Filter>源文件\Service</Filter>
    </ClCompile>
    <ClCompile Include="GroupConversationDao.cpp">
      <Filter>源文件\Mapper</Filter>
    </ClCompile>
    <ClCompile Include="TencentAsrService.cpp"><Filter>源文件\Service</Filter></ClCompile>
    <ClCompile Include="PushDeviceController.cpp"><Filter>源文件</Filter></ClCompile>
    <ClCompile Include="PushDeviceRegistrationDao.cpp"><Filter>源文件</Filter></ClCompile>
    <ClCompile Include="PushDeviceRegistrationModel.cpp"><Filter>源文件</Filter></ClCompile>
    <ClCompile Include="JPushService.cpp"><Filter>源文件\Service</Filter></ClCompile>
    <ClCompile Include="VoiceTranscriptionController.cpp"><Filter>源文件\Control</Filter></ClCompile>
    <ClCompile Include="VoiceTranscriptionDao.cpp"><Filter>源文件\Mapper</Filter></ClCompile>
  </ItemGroup>
</Project>
